
Microsoft Visual Studio Solution File, Format Version 12.00
# Visual Studio 15
VisualStudioVersion = 15.0.28307.421
MinimumVisualStudioVersion = 10.0.40219.1
Project("{F2A71F9B-5D33-465A-A702-920D77279786}") = "ClassLibrary1", "ClassLibrary1\ClassLibrary1.fsproj", "{1B985067-3FAF-4B54-BE45-C1F0549EADB7}"
EndProject
Global
	GlobalSection(SolutionConfigurationPlatforms) = preSolution
		Debug|Any CPU = Debug|Any CPU
		Release|Any CPU = Release|Any CPU
	EndGlobalSection
	GlobalSection(ProjectConfigurationPlatforms) = postSolution
		{1B985067-3FAF-4B54-BE45-C1F0549EADB7}.Debug|Any CPU.ActiveCfg = Debug|Any CPU
		{1B985067-3FAF-4B54-BE45-C1F0549EADB7}.Debug|Any CPU.Build.0 = Debug|Any CPU
		{1B985067-3FAF-4B54-BE45-C1F0549EADB7}.Release|Any CPU.ActiveCfg = Release|Any CPU
		{1B985067-3FAF-4B54-BE45-C1F0549EADB7}.Release|Any CPU.Build.0 = Release|Any CPU
	EndGlobalSection
	GlobalSection(SolutionProperties) = preSolution
		HideSolutionNode = FALSE
	EndGlobalSection
	GlobalSection(ExtensibilityGlobals) = postSolution
		SolutionGuid = {CC77B01A-E9EE-4A6B-9F7F-3527DD19DB9C}
	EndGlobalSection
EndGlobal
